
Microsoft Visual Studio Solution File, Format Version 11.00
# Visual Studio 2010
Project("{CC5FD16D-436D-48AD-A40C-5A424C6E3E79}") = "CronService", "CronService\CronService.ccproj", "{18B685DF-2D99-49AB-B618-A27B1A4AD2AD}"
EndProject
Project("{FAE04EC0-301F-11D3-BF4B-00C04F79EFBC}") = "BackgroundWorker", "BackgroundWorker\BackgroundWorker.csproj", "{9A713A6A-3863-4508-9A72-EF9618812AE7}"
EndProject
Global
	GlobalSection(SolutionConfigurationPlatforms) = preSolution
		Debug|Any CPU = Debug|Any CPU
		Release|Any CPU = Release|Any CPU
	EndGlobalSection
	GlobalSection(ProjectConfigurationPlatforms) = postSolution
		{18B685DF-2D99-49AB-B618-A27B1A4AD2AD}.Debug|Any CPU.ActiveCfg = Debug|Any CPU
		{18B685DF-2D99-49AB-B618-A27B1A4AD2AD}.Debug|Any CPU.Build.0 = Debug|Any CPU
		{18B685DF-2D99-49AB-B618-A27B1A4AD2AD}.Release|Any CPU.ActiveCfg = Release|Any CPU
		{18B685DF-2D99-49AB-B618-A27B1A4AD2AD}.Release|Any CPU.Build.0 = Release|Any CPU
		{9A713A6A-3863-4508-9A72-EF9618812AE7}.Debug|Any CPU.ActiveCfg = Debug|Any CPU
		{9A713A6A-3863-4508-9A72-EF9618812AE7}.Debug|Any CPU.Build.0 = Debug|Any CPU
		{9A713A6A-3863-4508-9A72-EF9618812AE7}.Release|Any CPU.ActiveCfg = Release|Any CPU
		{9A713A6A-3863-4508-9A72-EF9618812AE7}.Release|Any CPU.Build.0 = Release|Any CPU
	EndGlobalSection
	GlobalSection(SolutionProperties) = preSolution
		HideSolutionNode = FALSE
	EndGlobalSection
EndGlobal
